
Microsoft Visual Studio Solution File, Format Version 12.00
# Visual Studio 15
VisualStudioVersion = 15.0.28010.2046
MinimumVisualStudioVersion = 10.0.40219.1
Project("{FAE04EC0-301F-11D3-BF4B-00C04F79EFBC}") = "Clases-Ejercicio3", "Clases-Ejercicio3\Clases-Ejercicio3.csproj", "{D9DF7F5E-FAB7-4110-BE58-5BD442B7ECA1}"
EndProject
Global
	GlobalSection(SolutionConfigurationPlatforms) = preSolution
		Debug|Any CPU = Debug|Any CPU
		Release|Any CPU = Release|Any CPU
	EndGlobalSection
	GlobalSection(ProjectConfigurationPlatforms) = postSolution
		{D9DF7F5E-FAB7-4110-BE58-5BD442B7ECA1}.Debug|Any CPU.ActiveCfg = Debug|Any CPU
		{D9DF7F5E-FAB7-4110-BE58-5BD442B7ECA1}.Debug|Any CPU.Build.0 = Debug|Any CPU
		{D9DF7F5E-FAB7-4110-BE58-5BD442B7ECA1}.Release|Any CPU.ActiveCfg = Release|Any CPU
		{D9DF7F5E-FAB7-4110-BE58-5BD442B7ECA1}.Release|Any CPU.Build.0 = Release|Any CPU
	EndGlobalSection
	GlobalSection(SolutionProperties) = preSolution
		HideSolutionNode = FALSE
	EndGlobalSection
	GlobalSection(ExtensibilityGlobals) = postSolution
		SolutionGuid = {D1712D7A-D60F-48BF-879D-530237E4792D}
	EndGlobalSection
EndGlobal
